Microsoft Visual Studio Solution File, Format Version 12.00
# Visual Studio Version 17
VisualStudioVersion = 17.0.31903.59
MinimumVisualStudioVersion = 10.0.40219.1
Project("{4A216E40-2B9E-4E95-B5E2-E50ED0EBDC49}") = "Project_7e5c26e886ba4303b7cb6b6d4fbb2172_20250601200320457610", "Project_7e5c26e886ba4303b7cb6b6d4fbb2172_20250601200320457610.csproj", "{4A216E40-2B9E-4E95-B5E2-E50ED0EBDC49}"
EndProject
Global
    GlobalSection(SolutionConfigurationPlatforms) = preSolution
        Debug|Any CPU = Debug|Any CPU
        Release|Any CPU = Release|Any CPU
    EndGlobalSection
    GlobalSection(ProjectConfigurationPlatforms) = postSolution
        {4A216E40-2B9E-4E95-B5E2-E50ED0EBDC49}.Debug|Any CPU.ActiveCfg = Debug|Any CPU
        {4A216E40-2B9E-4E95-B5E2-E50ED0EBDC49}.Debug|Any CPU.Build.0 = Debug|Any CPU
        {4A216E40-2B9E-4E95-B5E2-E50ED0EBDC49}.Release|Any CPU.ActiveCfg = Release|Any CPU
        {4A216E40-2B9E-4E95-B5E2-E50ED0EBDC49}.Release|Any CPU.Build.0 = Release|Any CPU
    EndGlobalSection
EndGlobal